
Microsoft Visual Studio Solution File, Format Version 12.00
# Visual Studio Version 16
VisualStudioVersion = 16.0.29926.136
MinimumVisualStudioVersion = 10.0.40219.1
Project("{9A19103F-16F7-4668-BE54-9A1E7A4F7556}") = "OrderProcessing", "OrderProcessing\OrderProcessing.csproj", "{A6D3ACEA-7E79-4386-B426-42DC0AFAF9D1}"
EndProject
Project("{FAE04EC0-301F-11D3-BF4B-00C04F79EFBC}") = "NUnitTestOrderProcessing", "NUnitTestOrderProcessing\NUnitTestOrderProcessing.csproj", "{BF92AD3B-9EA8-4F4C-B49A-69F40F1227FE}"
EndProject
Global
	GlobalSection(SolutionConfigurationPlatforms) = preSolution
		Debug|Any CPU = Debug|Any CPU
		Release|Any CPU = Release|Any CPU
	EndGlobalSection
	GlobalSection(ProjectConfigurationPlatforms) = postSolution
		{A6D3ACEA-7E79-4386-B426-42DC0AFAF9D1}.Debug|Any CPU.ActiveCfg = Debug|Any CPU
		{A6D3ACEA-7E79-4386-B426-42DC0AFAF9D1}.Debug|Any CPU.Build.0 = Debug|Any CPU
		{A6D3ACEA-7E79-4386-B426-42DC0AFAF9D1}.Release|Any CPU.ActiveCfg = Release|Any CPU
		{A6D3ACEA-7E79-4386-B426-42DC0AFAF9D1}.Release|Any CPU.Build.0 = Release|Any CPU
		{BF92AD3B-9EA8-4F4C-B49A-69F40F1227FE}.Debug|Any CPU.ActiveCfg = Debug|Any CPU
		{BF92AD3B-9EA8-4F4C-B49A-69F40F1227FE}.Debug|Any CPU.Build.0 = Debug|Any CPU
		{BF92AD3B-9EA8-4F4C-B49A-69F40F1227FE}.Release|Any CPU.ActiveCfg = Release|Any CPU
		{BF92AD3B-9EA8-4F4C-B49A-69F40F1227FE}.Release|Any CPU.Build.0 = Release|Any CPU
	EndGlobalSection
	GlobalSection(SolutionProperties) = preSolution
		HideSolutionNode = FALSE
	EndGlobalSection
	GlobalSection(ExtensibilityGlobals) = postSolution
		SolutionGuid = {C6A1679A-603B-45BA-AB81-0AE42677C2F4}
	EndGlobalSection
EndGlobal
